
Microsoft Visual Studio Solution File, Format Version 12.00
# Visual Studio Version 16
VisualStudioVersion = 16.0.29215.179
MinimumVisualStudioVersion = 10.0.40219.1
Project("{9A19103F-16F7-4668-BE54-9A1E7A4F7556}") = "BethanysPyeShop", "BethanysPyeShop\BethanysPyeShop.csproj", "{FB18A1B4-F30A-453F-93AB-A2C321F4ACFD}"
EndProject
Global
	GlobalSection(SolutionConfigurationPlatforms) = preSolution
		Debug|Any CPU = Debug|Any CPU
		Release|Any CPU = Release|Any CPU
	EndGlobalSection
	GlobalSection(ProjectConfigurationPlatforms) = postSolution
		{FB18A1B4-F30A-453F-93AB-A2C321F4ACFD}.Debug|Any CPU.ActiveCfg = Debug|Any CPU
		{FB18A1B4-F30A-453F-93AB-A2C321F4ACFD}.Debug|Any CPU.Build.0 = Debug|Any CPU
		{FB18A1B4-F30A-453F-93AB-A2C321F4ACFD}.Release|Any CPU.ActiveCfg = Release|Any CPU
		{FB18A1B4-F30A-453F-93AB-A2C321F4ACFD}.Release|Any CPU.Build.0 = Release|Any CPU
	EndGlobalSection
	GlobalSection(SolutionProperties) = preSolution
		HideSolutionNode = FALSE
	EndGlobalSection
	GlobalSection(ExtensibilityGlobals) = postSolution
		SolutionGuid = {DACB1B2C-6B96-4EA2-8EF3-567B94665EF1}
	EndGlobalSection
EndGlobal
